
Microsoft Visual Studio Solution File, Format Version 12.00
# Visual Studio Version 16
VisualStudioVersion = 16.0.30413.136
MinimumVisualStudioVersion = 10.0.40219.1
Project("{FAE04EC0-301F-11D3-BF4B-00C04F79EFBC}") = "Comedy Events", "Comedy Events.csproj", "{F1C3D5D7-8490-4DD2-A272-8F6285CD2792}"
EndProject
Global
	GlobalSection(SolutionConfigurationPlatforms) = preSolution
		Debug|Any CPU = Debug|Any CPU
		Release|Any CPU = Release|Any CPU
	EndGlobalSection
	GlobalSection(ProjectConfigurationPlatforms) = postSolution
		{F1C3D5D7-8490-4DD2-A272-8F6285CD2792}.Debug|Any CPU.ActiveCfg = Debug|Any CPU
		{F1C3D5D7-8490-4DD2-A272-8F6285CD2792}.Debug|Any CPU.Build.0 = Debug|Any CPU
		{F1C3D5D7-8490-4DD2-A272-8F6285CD2792}.Release|Any CPU.ActiveCfg = Release|Any CPU
		{F1C3D5D7-8490-4DD2-A272-8F6285CD2792}.Release|Any CPU.Build.0 = Release|Any CPU
	EndGlobalSection
	GlobalSection(SolutionProperties) = preSolution
		HideSolutionNode = FALSE
	EndGlobalSection
	GlobalSection(ExtensibilityGlobals) = postSolution
		SolutionGuid = {B9FBCD2A-B34A-411E-9A35-91A75A433685}
	EndGlobalSection
EndGlobal
